
Microsoft Visual Studio Solution File, Format Version 12.00
# Visual Studio 15
VisualStudioVersion = 15.0.27703.2035
MinimumVisualStudioVersion = 10.0.40219.1
Project("{FAE04EC0-301F-11D3-BF4B-00C04F79EFBC}") = "ChuanYeow_TaskB", "ChuanYeow_TaskB\ChuanYeow_TaskB.csproj", "{2F6649B2-6EDD-475F-A95A-32BC83D3D94A}"
EndProject
Project("{FAE04EC0-301F-11D3-BF4B-00C04F79EFBC}") = "ChuanYeow_TaskB.Tests", "ChuanYeow_TaskB.Tests\ChuanYeow_TaskB.Tests.csproj", "{107807F8-FB20-48BD-8AD6-2BD5EA83844B}"
EndProject
Global
	GlobalSection(SolutionConfigurationPlatforms) = preSolution
		Debug|Any CPU = Debug|Any CPU
		Release|Any CPU = Release|Any CPU
	EndGlobalSection
	GlobalSection(ProjectConfigurationPlatforms) = postSolution
		{2F6649B2-6EDD-475F-A95A-32BC83D3D94A}.Debug|Any CPU.ActiveCfg = Debug|Any CPU
		{2F6649B2-6EDD-475F-A95A-32BC83D3D94A}.Debug|Any CPU.Build.0 = Debug|Any CPU
		{2F6649B2-6EDD-475F-A95A-32BC83D3D94A}.Release|Any CPU.ActiveCfg = Release|Any CPU
		{2F6649B2-6EDD-475F-A95A-32BC83D3D94A}.Release|Any CPU.Build.0 = Release|Any CPU
		{107807F8-FB20-48BD-8AD6-2BD5EA83844B}.Debug|Any CPU.ActiveCfg = Debug|Any CPU
		{107807F8-FB20-48BD-8AD6-2BD5EA83844B}.Debug|Any CPU.Build.0 = Debug|Any CPU
		{107807F8-FB20-48BD-8AD6-2BD5EA83844B}.Release|Any CPU.ActiveCfg = Release|Any CPU
		{107807F8-FB20-48BD-8AD6-2BD5EA83844B}.Release|Any CPU.Build.0 = Release|Any CPU
	EndGlobalSection
	GlobalSection(SolutionProperties) = preSolution
		HideSolutionNode = FALSE
	EndGlobalSection
	GlobalSection(ExtensibilityGlobals) = postSolution
		SolutionGuid = {C1526244-AD0F-4206-9EB1-6B34DEE0F11C}
	EndGlobalSection
EndGlobal
