
Microsoft Visual Studio Solution File, Format Version 12.00
# Visual Studio 15
VisualStudioVersion = 15.0.27703.2035
MinimumVisualStudioVersion = 10.0.40219.1
Project("{FAE04EC0-301F-11D3-BF4B-00C04F79EFBC}") = "ReleasePipeDemoApp", "ReleasePipeDemoApp\ReleasePipeDemoApp.csproj", "{D01FF12A-4180-4D90-BF6A-120342FE98BF}"
EndProject
Project("{FAE04EC0-301F-11D3-BF4B-00C04F79EFBC}") = "ReleasePipeDemoApp.Tests", "ReleasePipeDemoApp.Tests\ReleasePipeDemoApp.Tests.csproj", "{554F1C44-5179-4652-B6ED-39C603183AD1}"
EndProject
Global
	GlobalSection(SolutionConfigurationPlatforms) = preSolution
		Debug|Any CPU = Debug|Any CPU
		Release|Any CPU = Release|Any CPU
	EndGlobalSection
	GlobalSection(ProjectConfigurationPlatforms) = postSolution
		{D01FF12A-4180-4D90-BF6A-120342FE98BF}.Debug|Any CPU.ActiveCfg = Debug|Any CPU
		{D01FF12A-4180-4D90-BF6A-120342FE98BF}.Debug|Any CPU.Build.0 = Debug|Any CPU
		{D01FF12A-4180-4D90-BF6A-120342FE98BF}.Release|Any CPU.ActiveCfg = Release|Any CPU
		{D01FF12A-4180-4D90-BF6A-120342FE98BF}.Release|Any CPU.Build.0 = Release|Any CPU
		{554F1C44-5179-4652-B6ED-39C603183AD1}.Debug|Any CPU.ActiveCfg = Debug|Any CPU
		{554F1C44-5179-4652-B6ED-39C603183AD1}.Debug|Any CPU.Build.0 = Debug|Any CPU
		{554F1C44-5179-4652-B6ED-39C603183AD1}.Release|Any CPU.ActiveCfg = Release|Any CPU
		{554F1C44-5179-4652-B6ED-39C603183AD1}.Release|Any CPU.Build.0 = Release|Any CPU
	EndGlobalSection
	GlobalSection(SolutionProperties) = preSolution
		HideSolutionNode = FALSE
	EndGlobalSection
	GlobalSection(ExtensibilityGlobals) = postSolution
		SolutionGuid = {4BE0DCA0-4A38-4042-843E-9921CF6E043B}
	EndGlobalSection
EndGlobal
