
Microsoft Visual Studio Solution File, Format Version 12.00
# Visual Studio 15
VisualStudioVersion = 15.0.27703.2035
MinimumVisualStudioVersion = 10.0.40219.1
Project("{FAE04EC0-301F-11D3-BF4B-00C04F79EFBC}") = "ReleasePipeDemo", "ReleasePipeDemo\ReleasePipeDemo.csproj", "{B4354CC5-E9F0-46BA-AF33-9F7DA2D57D58}"
EndProject
Project("{FAE04EC0-301F-11D3-BF4B-00C04F79EFBC}") = "ReleasePipeDemo.Tests", "ReleasePipeDemo.Tests\ReleasePipeDemo.Tests.csproj", "{A1DE6386-362C-450B-8E66-5C03D71DADC6}"
EndProject
Global
	GlobalSection(SolutionConfigurationPlatforms) = preSolution
		Debug|Any CPU = Debug|Any CPU
		Release|Any CPU = Release|Any CPU
	EndGlobalSection
	GlobalSection(ProjectConfigurationPlatforms) = postSolution
		{B4354CC5-E9F0-46BA-AF33-9F7DA2D57D58}.Debug|Any CPU.ActiveCfg = Debug|Any CPU
		{B4354CC5-E9F0-46BA-AF33-9F7DA2D57D58}.Debug|Any CPU.Build.0 = Debug|Any CPU
		{B4354CC5-E9F0-46BA-AF33-9F7DA2D57D58}.Release|Any CPU.ActiveCfg = Release|Any CPU
		{B4354CC5-E9F0-46BA-AF33-9F7DA2D57D58}.Release|Any CPU.Build.0 = Release|Any CPU
		{A1DE6386-362C-450B-8E66-5C03D71DADC6}.Debug|Any CPU.ActiveCfg = Debug|Any CPU
		{A1DE6386-362C-450B-8E66-5C03D71DADC6}.Debug|Any CPU.Build.0 = Debug|Any CPU
		{A1DE6386-362C-450B-8E66-5C03D71DADC6}.Release|Any CPU.ActiveCfg = Release|Any CPU
		{A1DE6386-362C-450B-8E66-5C03D71DADC6}.Release|Any CPU.Build.0 = Release|Any CPU
	EndGlobalSection
	GlobalSection(SolutionProperties) = preSolution
		HideSolutionNode = FALSE
	EndGlobalSection
	GlobalSection(ExtensibilityGlobals) = postSolution
		SolutionGuid = {639F62A9-9CCC-4EAA-A718-F236412A524A}
	EndGlobalSection
EndGlobal
